
Microsoft Visual Studio Solution File, Format Version 11.00
# Visual Studio 2010
Project("{FAE04EC0-301F-11D3-BF4B-00C04F79EFBC}") = "Travel_UDPT_Nhom7", "Test_MVC4\Travel_UDPT_Nhom7.csproj", "{93E0A605-1FBE-4585-903D-FDC1BABDD77F}"
EndProject
Global
	GlobalSection(SolutionConfigurationPlatforms) = preSolution
		Debug|Any CPU = Debug|Any CPU
		Release|Any CPU = Release|Any CPU
	EndGlobalSection
	GlobalSection(ProjectConfigurationPlatforms) = postSolution
		{93E0A605-1FBE-4585-903D-FDC1BABDD77F}.Debug|Any CPU.ActiveCfg = Debug|Any CPU
		{93E0A605-1FBE-4585-903D-FDC1BABDD77F}.Debug|Any CPU.Build.0 = Debug|Any CPU
		{93E0A605-1FBE-4585-903D-FDC1BABDD77F}.Release|Any CPU.ActiveCfg = Release|Any CPU
		{93E0A605-1FBE-4585-903D-FDC1BABDD77F}.Release|Any CPU.Build.0 = Release|Any CPU
	EndGlobalSection
	GlobalSection(SolutionProperties) = preSolution
		HideSolutionNode = FALSE
	EndGlobalSection
EndGlobal
